
Microsoft Visual Studio Solution File, Format Version 12.00
# Visual Studio 15
VisualStudioVersion = 15.0.28307.1401
MinimumVisualStudioVersion = 10.0.40219.1
Project("{8BC9CEB8-8B4A-11D0-8D11-00A0C91BC942}") = "proyecto_residencial", "proyecto_residencial\proyecto_residencial.vcxproj", "{36DAC181-20EC-4178-81FF-82C5078ABEC5}"
EndProject
Global
	GlobalSection(SolutionConfigurationPlatforms) = preSolution
		Debug|x64 = Debug|x64
		Debug|x86 = Debug|x86
		Release|x64 = Release|x64
		Release|x86 = Release|x86
	EndGlobalSection
	GlobalSection(ProjectConfigurationPlatforms) = postSolution
		{36DAC181-20EC-4178-81FF-82C5078ABEC5}.Debug|x64.ActiveCfg = Debug|x64
		{36DAC181-20EC-4178-81FF-82C5078ABEC5}.Debug|x64.Build.0 = Debug|x64
		{36DAC181-20EC-4178-81FF-82C5078ABEC5}.Debug|x86.ActiveCfg = Debug|Win32
		{36DAC181-20EC-4178-81FF-82C5078ABEC5}.Debug|x86.Build.0 = Debug|Win32
		{36DAC181-20EC-4178-81FF-82C5078ABEC5}.Release|x64.ActiveCfg = Release|x64
		{36DAC181-20EC-4178-81FF-82C5078ABEC5}.Release|x64.Build.0 = Release|x64
		{36DAC181-20EC-4178-81FF-82C5078ABEC5}.Release|x86.ActiveCfg = Release|Win32
		{36DAC181-20EC-4178-81FF-82C5078ABEC5}.Release|x86.Build.0 = Release|Win32
	EndGlobalSection
	GlobalSection(SolutionProperties) = preSolution
		HideSolutionNode = FALSE
	EndGlobalSection
	GlobalSection(ExtensibilityGlobals) = postSolution
		SolutionGuid = {541C034A-4A8C-4DE1-9B37-21BD096D48B6}
	EndGlobalSection
EndGlobal
